
Microsoft Visual Studio Solution File, Format Version 12.00
# Visual Studio Version 17
VisualStudioVersion = 17.14.36616.10 d17.14
MinimumVisualStudioVersion = 10.0.40219.1
Project("{2150E333-8FDC-42A3-9474-1A3956D46DE8}") = "Task0", "Task0", "{36D591C7-65C7-A0D1-1CBC-10CDE441BDC8}"
EndProject
Project("{2150E333-8FDC-42A3-9474-1A3956D46DE8}") = "Task1", "Task1", "{E78887AC-2A8C-43E8-A88E-81515D4D4214}"
EndProject
Project("{2150E333-8FDC-42A3-9474-1A3956D46DE8}") = "Task2", "Task2", "{6A82DE95-15D0-466F-8ABC-6C8F96E41843}"
EndProject
Project("{2150E333-8FDC-42A3-9474-1A3956D46DE8}") = "Task3", "Task3", "{3E43F9D8-0CC1-4C6B-9678-330E67ABBA50}"
EndProject
Project("{2150E333-8FDC-42A3-9474-1A3956D46DE8}") = "Task4", "Task4", "{3C21B0E5-C3CD-4741-8D46-619CF5163966}"
EndProject
Project("{2150E333-8FDC-42A3-9474-1A3956D46DE8}") = "Task5", "Task5", "{224A9764-1340-4627-A218-69F7199063F5}"
EndProject
Project("{2150E333-8FDC-42A3-9474-1A3956D46DE8}") = "Task6", "Task6", "{5A4EA5C1-47AA-4198-A680-8834788A9055}"
EndProject
Project("{2150E333-8FDC-42A3-9474-1A3956D46DE8}") = "Task7", "Task7", "{3BD8F961-88C8-4E38-8BF7-BB98DE7A833D}"
EndProject
Project("{FAE04EC0-301F-11D3-BF4B-00C04F79EFBC}") = "Tyuiu.ZolotovaKA.Sprint5.Task0.V10", "Tyuiu.ZolotovaKA.Sprint5.Task0.V10\Tyuiu.ZolotovaKA.Sprint5.Task0.V10.csproj", "{01EF341B-E4D8-43E7-81CC-974D1765EDAE}"
EndProject
Project("{FAE04EC0-301F-11D3-BF4B-00C04F79EFBC}") = "Tyuiu.ZolotovaKA.Sprint5.Task0.V10.Lib", "Tyuiu.ZolotovaKA.Sprint5.Task0.V10.Lib\Tyuiu.ZolotovaKA.Sprint5.Task0.V10.Lib.csproj", "{D4211921-4026-40C5-94A6-16D86FEC15E7}"
EndProject
Project("{FAE04EC0-301F-11D3-BF4B-00C04F79EFBC}") = "Tyuiu.ZolotovaKA.Sprint5.Task0.V10.Test", "Tyuiu.ZolotovaKA.Sprint5.Task0.V10.Test\Tyuiu.ZolotovaKA.Sprint5.Task0.V10.Test.csproj", "{AEE3E929-B7BB-4573-AF4F-D5D99EF6722E}"
EndProject
Project("{FAE04EC0-301F-11D3-BF4B-00C04F79EFBC}") = "Tyuiu.ZolotovaKA.Sprint5.Task1.V5", "Tyuiu.ZolotovaKA.Sprint5.Task1.V5\Tyuiu.ZolotovaKA.Sprint5.Task1.V5.csproj", "{D21E13D1-F6A3-4286-8E0B-5C5D846BD72B}"
EndProject
Project("{FAE04EC0-301F-11D3-BF4B-00C04F79EFBC}") = "Tyuiu.ZolotovaKA.Sprint5.Task1.V5.Test", "Tyuiu.ZolotovaKA.Sprint5.Task1.V5.Test\Tyuiu.ZolotovaKA.Sprint5.Task1.V5.Test.csproj", "{A910995A-5992-4D82-B7E8-A4581DBF9604}"
EndProject
Project("{FAE04EC0-301F-11D3-BF4B-00C04F79EFBC}") = "Tyuiu.ZolotovaKA.Sprint5.Task1.V5.Lib", "Tyuiu.ZolotovaKA.Sprint5.Task1.V5.Lib\Tyuiu.ZolotovaKA.Sprint5.Task1.V5.Lib.csproj", "{E6A49C97-16A4-4441-B529-F1908F6FFA7F}"
EndProject
Project("{FAE04EC0-301F-11D3-BF4B-00C04F79EFBC}") = "Tyuiu.ZolotovaKA.Sprint5.Task2.V12", "Tyuiu.ZolotovaKA.Sprint5.Task2.V12\Tyuiu.ZolotovaKA.Sprint5.Task2.V12.csproj", "{24729089-F577-4193-8485-1C863D2EB00B}"
EndProject
Project("{FAE04EC0-301F-11D3-BF4B-00C04F79EFBC}") = "Tyuiu.ZolotovaKA.Sprint5.Task2.V12.Test", "Tyuiu.ZolotovaKA.Sprint5.Task2.V12.Test\Tyuiu.ZolotovaKA.Sprint5.Task2.V12.Test.csproj", "{0DFF1B3E-BE8E-4C8B-ACD7-7D8E3FC1627F}"
EndProject
Project("{FAE04EC0-301F-11D3-BF4B-00C04F79EFBC}") = "Tyuiu.ZolotovaKA.Sprint5.Task2.V12.Lib", "Tyuiu.ZolotovaKA.Sprint5.Task2.V12.Lib\Tyuiu.ZolotovaKA.Sprint5.Task2.V12.Lib.csproj", "{1DE2628F-A4A8-441B-A610-6653172CD8D6}"
EndProject
Project("{FAE04EC0-301F-11D3-BF4B-00C04F79EFBC}") = "Tyuiu.ZolotovaKA.Sprint5.Task3.V20", "Tyuiu.ZolotovaKA.Sprint5.Task3.V20\Tyuiu.ZolotovaKA.Sprint5.Task3.V20.csproj", "{BAF8BDF3-E077-4013-8605-C11A13CCCBA5}"
EndProject
Project("{FAE04EC0-301F-11D3-BF4B-00C04F79EFBC}") = "Tyuiu.ZolotovaKA.Sprint5.Task3.V20.Lib", "Tyuiu.ZolotovaKA.Sprint5.Task3.V20.Lib\Tyuiu.ZolotovaKA.Sprint5.Task3.V20.Lib.csproj", "{D7BE59A5-CD8E-4411-A561-3A0B8681EA31}"
EndProject
Project("{FAE04EC0-301F-11D3-BF4B-00C04F79EFBC}") = "Tyuiu.ZolotovaKA.Sprint5.Task3.V20.Test", "Tyuiu.ZolotovaKA.Sprint5.Task3.V20.Test\Tyuiu.ZolotovaKA.Sprint5.Task3.V20.Test.csproj", "{FC66BB66-FE3D-4408-A321-0127BDCB3882}"
EndProject
Project("{FAE04EC0-301F-11D3-BF4B-00C04F79EFBC}") = "Tyuiu.ZolotovaKA.Sprint5.Task4.V7", "Tyuiu.ZolotovaKA.Sprint5.Task4.V7\Tyuiu.ZolotovaKA.Sprint5.Task4.V7.csproj", "{494550D9-8E80-47A6-ACF0-6D6BF53C9CBA}"
EndProject
Project("{FAE04EC0-301F-11D3-BF4B-00C04F79EFBC}") = "Tyuiu.ZolotovaKA.Sprint5.Task4.V7.Lib", "Tyuiu.ZolotovaKA.Sprint5.Task4.V7.Lib\Tyuiu.ZolotovaKA.Sprint5.Task4.V7.Lib.csproj", "{8B2C98E7-79AE-4D5C-BB07-F4B4ED1FD0AC}"
EndProject
Project("{FAE04EC0-301F-11D3-BF4B-00C04F79EFBC}") = "Tyuiu.ZolotovaKA.Sprint5.Task4.V7.Test", "Tyuiu.ZolotovaKA.Sprint5.Task4.V7.Test\Tyuiu.ZolotovaKA.Sprint5.Task4.V7.Test.csproj", "{894FA3BF-FCAF-4443-92B8-0BB20A46EDA4}"
EndProject
Project("{FAE04EC0-301F-11D3-BF4B-00C04F79EFBC}") = "Tyuiu.ZolotovaKA.Sprint5.Task5.V27", "Tyuiu.ZolotovaKA.Sprint5.Task5.V27\Tyuiu.ZolotovaKA.Sprint5.Task5.V27.csproj", "{C70394CC-9B9B-4907-A01B-F9997BFBC07F}"
EndProject
Project("{FAE04EC0-301F-11D3-BF4B-00C04F79EFBC}") = "Tyuiu.ZolotovaKA.Sprint5.Task5.V27.Test", "Tyuiu.ZolotovaKA.Sprint5.Task5.V27.Test\Tyuiu.ZolotovaKA.Sprint5.Task5.V27.Test.csproj", "{D94C580B-D290-47EA-9868-36927621FB53}"
EndProject
Project("{FAE04EC0-301F-11D3-BF4B-00C04F79EFBC}") = "Tyuiu.ZolotovaKA.Sprint5.Task5.V27.Lib", "Tyuiu.ZolotovaKA.Sprint5.Task5.V27.Lib\Tyuiu.ZolotovaKA.Sprint5.Task5.V27.Lib.csproj", "{5AE587C5-027B-4EF7-877E-F2B20BBA7BEA}"
EndProject
Project("{FAE04EC0-301F-11D3-BF4B-00C04F79EFBC}") = "Tyuiu.ZolotovaKA.Sprint5.Task6.V28", "Tyuiu.ZolotovaKA.Sprint5.Task6.V28\Tyuiu.ZolotovaKA.Sprint5.Task6.V28.csproj", "{87CE2B22-E998-411B-975F-E873044B6CB0}"
EndProject
Project("{FAE04EC0-301F-11D3-BF4B-00C04F79EFBC}") = "Tyuiu.ZolotovaKA.Sprint5.Task6.V28.Lib", "Tyuiu.ZolotovaKA.Sprint5.Task6.V28.Lib\Tyuiu.ZolotovaKA.Sprint5.Task6.V28.Lib.csproj", "{8834AE04-0C88-47B2-8A61-C622BB6F2643}"
EndProject
Project("{FAE04EC0-301F-11D3-BF4B-00C04F79EFBC}") = "Tyuiu.ZolotovaKA.Sprint5.Task6.V28.Test", "Tyuiu.ZolotovaKA.Sprint5.Task6.V28.Test\Tyuiu.ZolotovaKA.Sprint5.Task6.V28.Test.csproj", "{BFD8890E-5AE7-4962-92D8-D21E74C396C4}"
EndProject
Project("{FAE04EC0-301F-11D3-BF4B-00C04F79EFBC}") = "Tyuiu.ZolotovaKA.Sprint5.Task7.V21", "Tyuiu.ZolotovaKA.Sprint5.Task7.V21\Tyuiu.ZolotovaKA.Sprint5.Task7.V21.csproj", "{EFD78863-3470-461E-9206-188ACDE441A5}"
EndProject
Project("{FAE04EC0-301F-11D3-BF4B-00C04F79EFBC}") = "Tyuiu.ZolotovaKA.Sprint5.Task7.V21.Lib", "Tyuiu.ZolotovaKA.Sprint5.Task7.V21.Lib\Tyuiu.ZolotovaKA.Sprint5.Task7.V21.Lib.csproj", "{186B7F9B-D00F-4C59-BD91-BD2E041CDD3A}"
EndProject
Project("{FAE04EC0-301F-11D3-BF4B-00C04F79EFBC}") = "Tyuiu.ZolotovaKA.Sprint5.Task7.V21.Test", "Tyuiu.ZolotovaKA.Sprint5.Task7.V21.Test\Tyuiu.ZolotovaKA.Sprint5.Task7.V21.Test.csproj", "{9F4EC28A-6BFA-4AE1-8E54-521BD161195C}"
EndProject
Global
	GlobalSection(SolutionConfigurationPlatforms) = preSolution
		Debug|Any CPU = Debug|Any CPU
		Release|Any CPU = Release|Any CPU
	EndGlobalSection
	GlobalSection(ProjectConfigurationPlatforms) = postSolution
		{01EF341B-E4D8-43E7-81CC-974D1765EDAE}.Debug|Any CPU.ActiveCfg = Debug|Any CPU
		{01EF341B-E4D8-43E7-81CC-974D1765EDAE}.Debug|Any CPU.Build.0 = Debug|Any CPU
		{01EF341B-E4D8-43E7-81CC-974D1765EDAE}.Release|Any CPU.ActiveCfg = Release|Any CPU
		{01EF341B-E4D8-43E7-81CC-974D1765EDAE}.Release|Any CPU.Build.0 = Release|Any CPU
		{D4211921-4026-40C5-94A6-16D86FEC15E7}.Debug|Any CPU.ActiveCfg = Debug|Any CPU
		{D4211921-4026-40C5-94A6-16D86FEC15E7}.Debug|Any CPU.Build.0 = Debug|Any CPU
		{D4211921-4026-40C5-94A6-16D86FEC15E7}.Release|Any CPU.ActiveCfg = Release|Any CPU
		{D4211921-4026-40C5-94A6-16D86FEC15E7}.Release|Any CPU.Build.0 = Release|Any CPU
		{AEE3E929-B7BB-4573-AF4F-D5D99EF6722E}.Debug|Any CPU.ActiveCfg = Debug|Any CPU
		{AEE3E929-B7BB-4573-AF4F-D5D99EF6722E}.Debug|Any CPU.Build.0 = Debug|Any CPU
		{AEE3E929-B7BB-4573-AF4F-D5D99EF6722E}.Release|Any CPU.ActiveCfg = Release|Any CPU
		{AEE3E929-B7BB-4573-AF4F-D5D99EF6722E}.Release|Any CPU.Build.0 = Release|Any CPU
		{D21E13D1-F6A3-4286-8E0B-5C5D846BD72B}.Debug|Any CPU.ActiveCfg = Debug|Any CPU
		{D21E13D1-F6A3-4286-8E0B-5C5D846BD72B}.Debug|Any CPU.Build.0 = Debug|Any CPU
		{D21E13D1-F6A3-4286-8E0B-5C5D846BD72B}.Release|Any CPU.ActiveCfg = Release|Any CPU
		{D21E13D1-F6A3-4286-8E0B-5C5D846BD72B}.Release|Any CPU.Build.0 = Release|Any CPU
		{A910995A-5992-4D82-B7E8-A4581DBF9604}.Debug|Any CPU.ActiveCfg = Debug|Any CPU
		{A910995A-5992-4D82-B7E8-A4581DBF9604}.Debug|Any CPU.Build.0 = Debug|Any CPU
		{A910995A-5992-4D82-B7E8-A4581DBF9604}.Release|Any CPU.ActiveCfg = Release|Any CPU
		{A910995A-5992-4D82-B7E8-A4581DBF9604}.Release|Any CPU.Build.0 = Release|Any CPU
		{E6A49C97-16A4-4441-B529-F1908F6FFA7F}.Debug|Any CPU.ActiveCfg = Debug|Any CPU
		{E6A49C97-16A4-4441-B529-F1908F6FFA7F}.Debug|Any CPU.Build.0 = Debug|Any CPU
		{E6A49C97-16A4-4441-B529-F1908F6FFA7F}.Release|Any CPU.ActiveCfg = Release|Any CPU
		{E6A49C97-16A4-4441-B529-F1908F6FFA7F}.Release|Any CPU.Build.0 = Release|Any CPU
		{24729089-F577-4193-8485-1C863D2EB00B}.Debug|Any CPU.ActiveCfg = Debug|Any CPU
		{24729089-F577-4193-8485-1C863D2EB00B}.Debug|Any CPU.Build.0 = Debug|Any CPU
		{24729089-F577-4193-8485-1C863D2EB00B}.Release|Any CPU.ActiveCfg = Release|Any CPU
		{24729089-F577-4193-8485-1C863D2EB00B}.Release|Any CPU.Build.0 = Release|Any CPU
		{0DFF1B3E-BE8E-4C8B-ACD7-7D8E3FC1627F}.Debug|Any CPU.ActiveCfg = Debug|Any CPU
		{0DFF1B3E-BE8E-4C8B-ACD7-7D8E3FC1627F}.Debug|Any CPU.Build.0 = Debug|Any CPU
		{0DFF1B3E-BE8E-4C8B-ACD7-7D8E3FC1627F}.Release|Any CPU.ActiveCfg = Release|Any CPU
		{0DFF1B3E-BE8E-4C8B-ACD7-7D8E3FC1627F}.Release|Any CPU.Build.0 = Release|Any CPU
		{1DE2628F-A4A8-441B-A610-6653172CD8D6}.Debug|Any CPU.ActiveCfg = Debug|Any CPU
		{1DE2628F-A4A8-441B-A610-6653172CD8D6}.Debug|Any CPU.Build.0 = Debug|Any CPU
		{1DE2628F-A4A8-441B-A610-6653172CD8D6}.Release|Any CPU.ActiveCfg = Release|Any CPU
		{1DE2628F-A4A8-441B-A610-6653172CD8D6}.Release|Any CPU.Build.0 = Release|Any CPU
		{BAF8BDF3-E077-4013-8605-C11A13CCCBA5}.Debug|Any CPU.ActiveCfg = Debug|Any CPU
		{BAF8BDF3-E077-4013-8605-C11A13CCCBA5}.Debug|Any CPU.Build.0 = Debug|Any CPU
		{BAF8BDF3-E077-4013-8605-C11A13CCCBA5}.Release|Any CPU.ActiveCfg = Release|Any CPU
		{BAF8BDF3-E077-4013-8605-C11A13CCCBA5}.Release|Any CPU.Build.0 = Release|Any CPU
		{D7BE59A5-CD8E-4411-A561-3A0B8681EA31}.Debug|Any CPU.ActiveCfg = Debug|Any CPU
		{D7BE59A5-CD8E-4411-A561-3A0B8681EA31}.Debug|Any CPU.Build.0 = Debug|Any CPU
		{D7BE59A5-CD8E-4411-A561-3A0B8681EA31}.Release|Any CPU.ActiveCfg = Release|Any CPU
		{D7BE59A5-CD8E-4411-A561-3A0B8681EA31}.Release|Any CPU.Build.0 = Release|Any CPU
		{FC66BB66-FE3D-4408-A321-0127BDCB3882}.Debug|Any CPU.ActiveCfg = Debug|Any CPU
		{FC66BB66-FE3D-4408-A321-0127BDCB3882}.Debug|Any CPU.Build.0 = Debug|Any CPU
		{FC66BB66-FE3D-4408-A321-0127BDCB3882}.Release|Any CPU.ActiveCfg = Release|Any CPU
		{FC66BB66-FE3D-4408-A321-0127BDCB3882}.Release|Any CPU.Build.0 = Release|Any CPU
		{494550D9-8E80-47A6-ACF0-6D6BF53C9CBA}.Debug|Any CPU.ActiveCfg = Debug|Any CPU
		{494550D9-8E80-47A6-ACF0-6D6BF53C9CBA}.Debug|Any CPU.Build.0 = Debug|Any CPU
		{494550D9-8E80-47A6-ACF0-6D6BF53C9CBA}.Release|Any CPU.ActiveCfg = Release|Any CPU
		{494550D9-8E80-47A6-ACF0-6D6BF53C9CBA}.Release|Any CPU.Build.0 = Release|Any CPU
		{8B2C98E7-79AE-4D5C-BB07-F4B4ED1FD0AC}.Debug|Any CPU.ActiveCfg = Debug|Any CPU
		{8B2C98E7-79AE-4D5C-BB07-F4B4ED1FD0AC}.Debug|Any CPU.Build.0 = Debug|Any CPU
		{8B2C98E7-79AE-4D5C-BB07-F4B4ED1FD0AC}.Release|Any CPU.ActiveCfg = Release|Any CPU
		{8B2C98E7-79AE-4D5C-BB07-F4B4ED1FD0AC}.Release|Any CPU.Build.0 = Release|Any CPU
		{894FA3BF-FCAF-4443-92B8-0BB20A46EDA4}.Debug|Any CPU.ActiveCfg = Debug|Any CPU
		{894FA3BF-FCAF-4443-92B8-0BB20A46EDA4}.Debug|Any CPU.Build.0 = Debug|Any CPU
		{894FA3BF-FCAF-4443-92B8-0BB20A46EDA4}.Release|Any CPU.ActiveCfg = Release|Any CPU
		{894FA3BF-FCAF-4443-92B8-0BB20A46EDA4}.Release|Any CPU.Build.0 = Release|Any CPU
		{C70394CC-9B9B-4907-A01B-F9997BFBC07F}.Debug|Any CPU.ActiveCfg = Debug|Any CPU
		{C70394CC-9B9B-4907-A01B-F9997BFBC07F}.Debug|Any CPU.Build.0 = Debug|Any CPU
		{C70394CC-9B9B-4907-A01B-F9997BFBC07F}.Release|Any CPU.ActiveCfg = Release|Any CPU
		{C70394CC-9B9B-4907-A01B-F9997BFBC07F}.Release|Any CPU.Build.0 = Release|Any CPU
		{D94C580B-D290-47EA-9868-36927621FB53}.Debug|Any CPU.ActiveCfg = Debug|Any CPU
		{D94C580B-D290-47EA-9868-36927621FB53}.Debug|Any CPU.Build.0 = Debug|Any CPU
		{D94C580B-D290-47EA-9868-36927621FB53}.Release|Any CPU.ActiveCfg = Release|Any CPU
		{D94C580B-D290-47EA-9868-36927621FB53}.Release|Any CPU.Build.0 = Release|Any CPU
		{5AE587C5-027B-4EF7-877E-F2B20BBA7BEA}.Debug|Any CPU.ActiveCfg = Debug|Any CPU
		{5AE587C5-027B-4EF7-877E-F2B20BBA7BEA}.Debug|Any CPU.Build.0 = Debug|Any CPU
		{5AE587C5-027B-4EF7-877E-F2B20BBA7BEA}.Release|Any CPU.ActiveCfg = Release|Any CPU
		{5AE587C5-027B-4EF7-877E-F2B20BBA7BEA}.Release|Any CPU.Build.0 = Release|Any CPU
		{87CE2B22-E998-411B-975F-E873044B6CB0}.Debug|Any CPU.ActiveCfg = Debug|Any CPU
		{87CE2B22-E998-411B-975F-E873044B6CB0}.Debug|Any CPU.Build.0 = Debug|Any CPU
		{87CE2B22-E998-411B-975F-E873044B6CB0}.Release|Any CPU.ActiveCfg = Release|Any CPU
		{87CE2B22-E998-411B-975F-E873044B6CB0}.Release|Any CPU.Build.0 = Release|Any CPU
		{8834AE04-0C88-47B2-8A61-C622BB6F2643}.Debug|Any CPU.ActiveCfg = Debug|Any CPU
		{8834AE04-0C88-47B2-8A61-C622BB6F2643}.Debug|Any CPU.Build.0 = Debug|Any CPU
		{8834AE04-0C88-47B2-8A61-C622BB6F2643}.Release|Any CPU.ActiveCfg = Release|Any CPU
		{8834AE04-0C88-47B2-8A61-C622BB6F2643}.Release|Any CPU.Build.0 = Release|Any CPU
		{BFD8890E-5AE7-4962-92D8-D21E74C396C4}.Debug|Any CPU.ActiveCfg = Debug|Any CPU
		{BFD8890E-5AE7-4962-92D8-D21E74C396C4}.Debug|Any CPU.Build.0 = Debug|Any CPU
		{BFD8890E-5AE7-4962-92D8-D21E74C396C4}.Release|Any CPU.ActiveCfg = Release|Any CPU
		{BFD8890E-5AE7-4962-92D8-D21E74C396C4}.Release|Any CPU.Build.0 = Release|Any CPU
		{EFD78863-3470-461E-9206-188ACDE441A5}.Debug|Any CPU.ActiveCfg = Debug|Any CPU
		{EFD78863-3470-461E-9206-188ACDE441A5}.Debug|Any CPU.Build.0 = Debug|Any CPU
		{EFD78863-3470-461E-9206-188ACDE441A5}.Release|Any CPU.ActiveCfg = Release|Any CPU
		{EFD78863-3470-461E-9206-188ACDE441A5}.Release|Any CPU.Build.0 = Release|Any CPU
		{186B7F9B-D00F-4C59-BD91-BD2E041CDD3A}.Debug|Any CPU.ActiveCfg = Debug|Any CPU
		{186B7F9B-D00F-4C59-BD91-BD2E041CDD3A}.Debug|Any CPU.Build.0 = Debug|Any CPU
		{186B7F9B-D00F-4C59-BD91-BD2E041CDD3A}.Release|Any CPU.ActiveCfg = Release|Any CPU
		{186B7F9B-D00F-4C59-BD91-BD2E041CDD3A}.Release|Any CPU.Build.0 = Release|Any CPU
		{9F4EC28A-6BFA-4AE1-8E54-521BD161195C}.Debug|Any CPU.ActiveCfg = Debug|Any CPU
		{9F4EC28A-6BFA-4AE1-8E54-521BD161195C}.Debug|Any CPU.Build.0 = Debug|Any CPU
		{9F4EC28A-6BFA-4AE1-8E54-521BD161195C}.Release|Any CPU.ActiveCfg = Release|Any CPU
		{9F4EC28A-6BFA-4AE1-8E54-521BD161195C}.Release|Any CPU.Build.0 = Release|Any CPU
	EndGlobalSection
	GlobalSection(SolutionProperties) = preSolution
		HideSolutionNode = FALSE
	EndGlobalSection
	GlobalSection(NestedProjects) = preSolution
		{01EF341B-E4D8-43E7-81CC-974D1765EDAE} = {36D591C7-65C7-A0D1-1CBC-10CDE441BDC8}
		{D4211921-4026-40C5-94A6-16D86FEC15E7} = {36D591C7-65C7-A0D1-1CBC-10CDE441BDC8}
		{AEE3E929-B7BB-4573-AF4F-D5D99EF6722E} = {36D591C7-65C7-A0D1-1CBC-10CDE441BDC8}
		{D21E13D1-F6A3-4286-8E0B-5C5D846BD72B} = {E78887AC-2A8C-43E8-A88E-81515D4D4214}
		{A910995A-5992-4D82-B7E8-A4581DBF9604} = {E78887AC-2A8C-43E8-A88E-81515D4D4214}
		{E6A49C97-16A4-4441-B529-F1908F6FFA7F} = {E78887AC-2A8C-43E8-A88E-81515D4D4214}
		{24729089-F577-4193-8485-1C863D2EB00B} = {6A82DE95-15D0-466F-8ABC-6C8F96E41843}
		{0DFF1B3E-BE8E-4C8B-ACD7-7D8E3FC1627F} = {6A82DE95-15D0-466F-8ABC-6C8F96E41843}
		{1DE2628F-A4A8-441B-A610-6653172CD8D6} = {6A82DE95-15D0-466F-8ABC-6C8F96E41843}
		{BAF8BDF3-E077-4013-8605-C11A13CCCBA5} = {3E43F9D8-0CC1-4C6B-9678-330E67ABBA50}
		{D7BE59A5-CD8E-4411-A561-3A0B8681EA31} = {3E43F9D8-0CC1-4C6B-9678-330E67ABBA50}
		{FC66BB66-FE3D-4408-A321-0127BDCB3882} = {3E43F9D8-0CC1-4C6B-9678-330E67ABBA50}
		{494550D9-8E80-47A6-ACF0-6D6BF53C9CBA} = {3C21B0E5-C3CD-4741-8D46-619CF5163966}
		{8B2C98E7-79AE-4D5C-BB07-F4B4ED1FD0AC} = {3C21B0E5-C3CD-4741-8D46-619CF5163966}
		{894FA3BF-FCAF-4443-92B8-0BB20A46EDA4} = {3C21B0E5-C3CD-4741-8D46-619CF5163966}
		{C70394CC-9B9B-4907-A01B-F9997BFBC07F} = {224A9764-1340-4627-A218-69F7199063F5}
		{D94C580B-D290-47EA-9868-36927621FB53} = {224A9764-1340-4627-A218-69F7199063F5}
		{5AE587C5-027B-4EF7-877E-F2B20BBA7BEA} = {224A9764-1340-4627-A218-69F7199063F5}
		{87CE2B22-E998-411B-975F-E873044B6CB0} = {5A4EA5C1-47AA-4198-A680-8834788A9055}
		{8834AE04-0C88-47B2-8A61-C622BB6F2643} = {5A4EA5C1-47AA-4198-A680-8834788A9055}
		{BFD8890E-5AE7-4962-92D8-D21E74C396C4} = {5A4EA5C1-47AA-4198-A680-8834788A9055}
		{EFD78863-3470-461E-9206-188ACDE441A5} = {3BD8F961-88C8-4E38-8BF7-BB98DE7A833D}
		{186B7F9B-D00F-4C59-BD91-BD2E041CDD3A} = {3BD8F961-88C8-4E38-8BF7-BB98DE7A833D}
		{9F4EC28A-6BFA-4AE1-8E54-521BD161195C} = {3BD8F961-88C8-4E38-8BF7-BB98DE7A833D}
	EndGlobalSection
	GlobalSection(ExtensibilityGlobals) = postSolution
		SolutionGuid = {62BA875C-6117-419E-BBED-BB1C94D96AB0}
	EndGlobalSection
EndGlobal
